
Microsoft Visual Studio Solution File, Format Version 12.00
# Visual Studio Version 17
VisualStudioVersion = 17.3.32825.248
MinimumVisualStudioVersion = 10.0.40219.1
Project("{FAE04EC0-301F-11D3-BF4B-00C04F79EFBC}") = "jeu_de_maths", "jeu_de_maths\jeu_de_maths.csproj", "{1E7788CE-7FA7-470B-AD2A-7F852F1EA558}"
EndProject
Global
	GlobalSection(SolutionConfigurationPlatforms) = preSolution
		Debug|Any CPU = Debug|Any CPU
		Release|Any CPU = Release|Any CPU
	EndGlobalSection
	GlobalSection(ProjectConfigurationPlatforms) = postSolution
		{1E7788CE-7FA7-470B-AD2A-7F852F1EA558}.Debug|Any CPU.ActiveCfg = Debug|Any CPU
		{1E7788CE-7FA7-470B-AD2A-7F852F1EA558}.Debug|Any CPU.Build.0 = Debug|Any CPU
		{1E7788CE-7FA7-470B-AD2A-7F852F1EA558}.Release|Any CPU.ActiveCfg = Release|Any CPU
		{1E7788CE-7FA7-470B-AD2A-7F852F1EA558}.Release|Any CPU.Build.0 = Release|Any CPU
	EndGlobalSection
	GlobalSection(SolutionProperties) = preSolution
		HideSolutionNode = FALSE
	EndGlobalSection
	GlobalSection(ExtensibilityGlobals) = postSolution
		SolutionGuid = {9CE6EE49-6E32-458B-8219-C72E893D0B66}
	EndGlobalSection
EndGlobal
